Microsoft Visual Studio Solution File, Format Version 12.00
# Visual Studio 2012
Project("{FAE04EC0-301F-11D3-BF4B-00C04F79EFBC}") = "2DGam", "2DGam.csproj", "{BDCFF430-5725-4E16-ABE8-6910634A4953}"
EndProject
Global
	GlobalSection(SolutionConfigurationPlatforms) = preSolution
	Debug|Any CPU = Debug|Any CPU
	ExportDebug|Any CPU = ExportDebug|Any CPU
	ExportRelease|Any CPU = ExportRelease|Any CPU
	EndGlobalSection
	GlobalSection(ProjectConfigurationPlatforms) = postSolution
		{BDCFF430-5725-4E16-ABE8-6910634A4953}.Debug|Any CPU.ActiveCfg = Debug|Any CPU
		{BDCFF430-5725-4E16-ABE8-6910634A4953}.Debug|Any CPU.Build.0 = Debug|Any CPU
		{BDCFF430-5725-4E16-ABE8-6910634A4953}.ExportDebug|Any CPU.ActiveCfg = ExportDebug|Any CPU
		{BDCFF430-5725-4E16-ABE8-6910634A4953}.ExportDebug|Any CPU.Build.0 = ExportDebug|Any CPU
		{BDCFF430-5725-4E16-ABE8-6910634A4953}.ExportRelease|Any CPU.ActiveCfg = ExportRelease|Any CPU
		{BDCFF430-5725-4E16-ABE8-6910634A4953}.ExportRelease|Any CPU.Build.0 = ExportRelease|Any CPU
	EndGlobalSection
EndGlobal
